
Microsoft Visual Studio Solution File, Format Version 12.00
# Visual Studio Version 16
VisualStudioVersion = 16.0.31129.286
MinimumVisualStudioVersion = 10.0.40219.1
Project("{FAE04EC0-301F-11D3-BF4B-00C04F79EFBC}") = "QLMT", "GUI\QLMT.csproj", "{2F01AADA-D06F-46B8-BD02-1BB6BCF9C6C2}"
EndProject
Global
	GlobalSection(SolutionConfigurationPlatforms) = preSolution
		All|Any CPU = All|Any CPU
		Debug|Any CPU = Debug|Any CPU
		Release|Any CPU = Release|Any CPU
	EndGlobalSection
	GlobalSection(ProjectConfigurationPlatforms) = postSolution
		{2F01AADA-D06F-46B8-BD02-1BB6BCF9C6C2}.All|Any CPU.ActiveCfg = Release|Any CPU
		{2F01AADA-D06F-46B8-BD02-1BB6BCF9C6C2}.All|Any CPU.Build.0 = Release|Any CPU
		{2F01AADA-D06F-46B8-BD02-1BB6BCF9C6C2}.Debug|Any CPU.ActiveCfg = Debug|Any CPU
		{2F01AADA-D06F-46B8-BD02-1BB6BCF9C6C2}.Debug|Any CPU.Build.0 = Debug|Any CPU
		{2F01AADA-D06F-46B8-BD02-1BB6BCF9C6C2}.Release|Any CPU.ActiveCfg = Release|Any CPU
		{2F01AADA-D06F-46B8-BD02-1BB6BCF9C6C2}.Release|Any CPU.Build.0 = Release|Any CPU
	EndGlobalSection
	GlobalSection(SolutionProperties) = preSolution
		HideSolutionNode = FALSE
	EndGlobalSection
	GlobalSection(ExtensibilityGlobals) = postSolution
		SolutionGuid = {627CCF8C-E228-4718-8E77-0ACA2BA2A298}
	EndGlobalSection
EndGlobal
